// !$*UTF8*$!
{
	archiveVersion = 1;
	classes = {
	};
	objectVersion = 46;
	objects = {

/* Begin PBXBuildFile section */
		23119C7E1AD378D7004F3A98 /* AppDelegate.swift in Sources */ = {isa = PBXBuildFile; fileRef = 23119C0B1AD378D7004F3A98 /* AppDelegate.swift */; };
		23119C7F1AD378D7004F3A98 /* DetailViewController.swift in Sources */ = {isa = PBXBuildFile; fileRef = 23119C0E1AD378D7004F3A98 /* DetailViewController.swift */; };
		23119C801AD378D7004F3A98 /* PointViewController.swift in Sources */ = {isa = PBXBuildFile; fileRef = 23119C0F1AD378D7004F3A98 /* PointViewController.swift */; };
		23119C811AD378D7004F3A98 /* ViewController.swift in Sources */ = {isa = PBXBuildFile; fileRef = 23119C101AD378D7004F3A98 /* ViewController.swift */; };
		23119C821AD378D7004F3A98 /* ListOfApplications.swift in Sources */ = {isa = PBXBuildFile; fileRef = 23119C121AD378D7004F3A98 /* ListOfApplications.swift */; };
		23119C831AD378D7004F3A98 /* SingleApplication.swift in Sources */ = {isa = PBXBuildFile; fileRef = 23119C131AD378D7004F3A98 /* SingleApplication.swift */; };
		23119C841AD378D7004F3A98 /* AppTermsModel.xcdatamodeld in Sources */ = {isa = PBXBuildFile; fileRef = 23119C151AD378D7004F3A98 /* AppTermsModel.xcdatamodeld */; };
		23119C851AD378D7004F3A98 /* LaunchScreen.xib in Resources */ = {isa = PBXBuildFile; fileRef = 23119C171AD378D7004F3A98 /* LaunchScreen.xib */; };
		23119C861AD378D7004F3A98 /* Main.storyboard in Resources */ = {isa = PBXBuildFile; fileRef = 23119C191AD378D7004F3A98 /* Main.storyboard */; };
		23119C871AD378D7004F3A98 /* check.png in Resources */ = {isa = PBXBuildFile; fileRef = 23119C1B1AD378D7004F3A98 /* check.png */; };
		23119C881AD378D7004F3A98 /* check1.png in Resources */ = {isa = PBXBuildFile; fileRef = 23119C1C1AD378D7004F3A98 /* check1.png */; };
		23119C891AD378D7004F3A98 /* cube.jpg in Resources */ = {isa = PBXBuildFile; fileRef = 23119C1D1AD378D7004F3A98 /* cube.jpg */; };
		23119C8A1AD378D7004F3A98 /* default1.png in Resources */ = {isa = PBXBuildFile; fileRef = 23119C1E1AD378D7004F3A98 /* default1.png */; };
		23119C8B1AD378D7004F3A98 /* A.png in Resources */ = {isa = PBXBuildFile; fileRef = 23119C201AD378D7004F3A98 /* A.png */; };
		23119C8C1AD378D7004F3A98 /* B.png in Resources */ = {isa = PBXBuildFile; fileRef = 23119C211AD378D7004F3A98 /* B.png */; };
		23119C8D1AD378D7004F3A98 /* C.png in Resources */ = {isa = PBXBuildFile; fileRef = 23119C221AD378D7004F3A98 /* C.png */; };
		23119C8E1AD378D7004F3A98 /* D.png in Resources */ = {isa = PBXBuildFile; fileRef = 23119C231AD378D7004F3A98 /* D.png */; };
		23119C8F1AD378D7004F3A98 /* E.png in Resources */ = {isa = PBXBuildFile; fileRef = 23119C241AD378D7004F3A98 /* E.png */; };
		23119C901AD378D7004F3A98 /* N.png in Resources */ = {isa = PBXBuildFile; fileRef = 23119C251AD378D7004F3A98 /* N.png */; };
		23119C911AD378D7004F3A98 /* Z.png in Resources */ = {isa = PBXBuildFile; fileRef = 23119C261AD378D7004F3A98 /* Z.png */; };
		23119C921AD378D7004F3A98 /* 500px.png in Resources */ = {isa = PBXBuildFile; fileRef = 23119C281AD378D7004F3A98 /* 500px.png */; };
		23119C931AD378D7004F3A98 /* allrecipes.png in Resources */ = {isa = PBXBuildFile; fileRef = 23119C291AD378D7004F3A98 /* allrecipes.png */; };
		23119C941AD378D7004F3A98 /* amazon.png in Resources */ = {isa = PBXBuildFile; fileRef = 23119C2A1AD378D7004F3A98 /* amazon.png */; };
		23119C951AD378D7004F3A98 /* app-net.png in Resources */ = {isa = PBXBuildFile; fileRef = 23119C2B1AD378D7004F3A98 /* app-net.png */; };
		23119C961AD378D7004F3A98 /* apple-icloud.png in Resources */ = {isa = PBXBuildFile; fileRef = 23119C2C1AD378D7004F3A98 /* apple-icloud.png */; };
		23119C971AD378D7004F3A98 /* apple.png in Resources */ = {isa = PBXBuildFile; fileRef = 23119C2D1AD378D7004F3A98 /* apple.png */; };
		23119C981AD378D7004F3A98 /* bearshare.png in Resources */ = {isa = PBXBuildFile; fileRef = 23119C2E1AD378D7004F3A98 /* bearshare.png */; };
		23119C991AD378D7004F3A98 /* bit-ly.png in Resources */ = {isa = PBXBuildFile; fileRef = 23119C2F1AD378D7004F3A98 /* bit-ly.png */; };
		23119C9A1AD378D7004F3A98 /* cloudant.png in Resources */ = {isa = PBXBuildFile; fileRef = 23119C301AD378D7004F3A98 /* cloudant.png */; };
		23119C9B1AD378D7004F3A98 /* couchsurfing.png in Resources */ = {isa = PBXBuildFile; fileRef = 23119C311AD378D7004F3A98 /* couchsurfing.png */; };
		23119C9C1AD378D7004F3A98 /* delicious.png in Resources */ = {isa = PBXBuildFile; fileRef = 23119C321AD378D7004F3A98 /* delicious.png */; };
		23119C9D1AD378D7004F3A98 /* disqus.png in Resources */ = {isa = PBXBuildFile; fileRef = 23119C331AD378D7004F3A98 /* disqus.png */; };
		23119C9E1AD378D7004F3A98 /* dropbox.png in Resources */ = {isa = PBXBuildFile; fileRef = 23119C341AD378D7004F3A98 /* dropbox.png */; };
		23119C9F1AD378D7004F3A98 /* duckduckgo.png in Resources */ = {isa = PBXBuildFile; fileRef = 23119C351AD378D7004F3A98 /* duckduckgo.png */; };
		23119CA01AD378D7004F3A98 /* ebuddy.png in Resources */ = {isa = PBXBuildFile; fileRef = 23119C361AD378D7004F3A98 /* ebuddy.png */; };
		23119CA11AD378D7004F3A98 /* envato.png in Resources */ = {isa = PBXBuildFile; fileRef = 23119C371AD378D7004F3A98 /* envato.png */; };
		23119CA21AD378D7004F3A98 /* evernote.png in Resources */ = {isa = PBXBuildFile; fileRef = 23119C381AD378D7004F3A98 /* evernote.png */; };
		23119CA31AD378D7004F3A98 /* facebook.png in Resources */ = {isa = PBXBuildFile; fileRef = 23119C391AD378D7004F3A98 /* facebook.png */; };
		23119CA41AD378D7004F3A98 /* faranow.png in Resources */ = {isa = PBXBuildFile; fileRef = 23119C3A1AD378D7004F3A98 /* faranow.png */; };
		23119CA51AD378D7004F3A98 /* flattr.png in Resources */ = {isa = PBXBuildFile; fileRef = 23119C3B1AD378D7004F3A98 /* flattr.png */; };
		23119CA61AD378D7004F3A98 /* flickr.png in Resources */ = {isa = PBXBuildFile; fileRef = 23119C3C1AD378D7004F3A98 /* flickr.png */; };
		23119CA71AD378D7004F3A98 /* freeforums.png in Resources */ = {isa = PBXBuildFile; fileRef = 23119C3D1AD378D7004F3A98 /* freeforums.png */; };
		23119CA81AD378D7004F3A98 /* gigaom.gif in Resources */ = {isa = PBXBuildFile; fileRef = 23119C3E1AD378D7004F3A98 /* gigaom.gif */; };
		23119CA91AD378D7004F3A98 /* github.png in Resources */ = {isa = PBXBuildFile; fileRef = 23119C3F1AD378D7004F3A98 /* github.png */; };
		23119CAA1AD378D7004F3A98 /* google.png in Resources */ = {isa = PBXBuildFile; fileRef = 23119C401AD378D7004F3A98 /* google.png */; };
		23119CAB1AD378D7004F3A98 /* grammarly.png in Resources */ = {isa = PBXBuildFile; fileRef = 23119C411AD378D7004F3A98 /* grammarly.png */; };
		23119CAC1AD378D7004F3A98 /* gravatar.png in Resources */ = {isa = PBXBuildFile; fileRef = 23119C421AD378D7004F3A98 /* gravatar.png */; };
		23119CAD1AD378D7004F3A98 /* habbo.png in Resources */ = {isa = PBXBuildFile; fileRef = 23119C431AD378D7004F3A98 /* habbo.png */; };
		23119CAE1AD378D7004F3A98 /* hugo.png in Resources */ = {isa = PBXBuildFile; fileRef = 23119C441AD378D7004F3A98 /* hugo.png */; };
		23119CAF1AD378D7004F3A98 /* hypster.png in Resources */ = {isa = PBXBuildFile; fileRef = 23119C451AD378D7004F3A98 /* hypster.png */; };
		23119CB01AD378D7004F3A98 /* identi-ca.png in Resources */ = {isa = PBXBuildFile; fileRef = 23119C461AD378D7004F3A98 /* identi-ca.png */; };
		23119CB11AD378D7004F3A98 /* ifttt.png in Resources */ = {isa = PBXBuildFile; fileRef = 23119C471AD378D7004F3A98 /* ifttt.png */; };
		23119CB21AD378D7004F3A98 /* informe.png in Resources */ = {isa = PBXBuildFile; fileRef = 23119C481AD378D7004F3A98 /* informe.png */; };
		23119CB31AD378D7004F3A98 /* instagram.png in Resources */ = {isa = PBXBuildFile; fileRef = 23119C491AD378D7004F3A98 /* instagram.png */; };
		23119CB41AD378D7004F3A98 /* kolabnow.png in Resources */ = {isa = PBXBuildFile; fileRef = 23119C4A1AD378D7004F3A98 /* kolabnow.png */; };
		23119CB51AD378D7004F3A98 /* lastpass.png in Resources */ = {isa = PBXBuildFile; fileRef = 23119C4B1AD378D7004F3A98 /* lastpass.png */; };
		23119CB61AD378D7004F3A98 /* lemondefr.png in Resources */ = {isa = PBXBuildFile; fileRef = 23119C4C1AD378D7004F3A98 /* lemondefr.png */; };
		23119CB71AD378D7004F3A98 /* microsoft-store.png in Resources */ = {isa = PBXBuildFile; fileRef = 23119C4D1AD378D7004F3A98 /* microsoft-store.png */; };
		23119CB81AD378D7004F3A98 /* microsoft.png in Resources */ = {isa = PBXBuildFile; fileRef = 23119C4E1AD378D7004F3A98 /* microsoft.png */; };
		23119CB91AD378D7004F3A98 /* mint.com.png in Resources */ = {isa = PBXBuildFile; fileRef = 23119C4F1AD378D7004F3A98 /* mint.com.png */; };
		23119CBA1AD378D7004F3A98 /* mykolab-com.png in Resources */ = {isa = PBXBuildFile; fileRef = 23119C501AD378D7004F3A98 /* mykolab-com.png */; };
		23119CBB1AD378D7004F3A98 /* nabble.png in Resources */ = {isa = PBXBuildFile; fileRef = 23119C511AD378D7004F3A98 /* nabble.png */; };
		23119CBC1AD378D7004F3A98 /* netflix.png in Resources */ = {isa = PBXBuildFile; fileRef = 23119C521AD378D7004F3A98 /* netflix.png */; };
		23119CBD1AD378D7004F3A98 /* olx.png in Resources */ = {isa = PBXBuildFile; fileRef = 23119C531AD378D7004F3A98 /* olx.png */; };
		23119CBE1AD378D7004F3A98 /* owncube.png in Resources */ = {isa = PBXBuildFile; fileRef = 23119C541AD378D7004F3A98 /* owncube.png */; };
		23119CBF1AD378D7004F3A98 /* phpbb.png in Resources */ = {isa = PBXBuildFile; fileRef = 23119C551AD378D7004F3A98 /* phpbb.png */; };
		23119CC01AD378D7004F3A98 /* rapidshare.png in Resources */ = {isa = PBXBuildFile; fileRef = 23119C561AD378D7004F3A98 /* rapidshare.png */; };
		23119CC11AD378D7004F3A98 /* runescape.png in Resources */ = {isa = PBXBuildFile; fileRef = 23119C571AD378D7004F3A98 /* runescape.png */; };
		23119CC21AD378D7004F3A98 /* seenthis.png in Resources */ = {isa = PBXBuildFile; fileRef = 23119C581AD378D7004F3A98 /* seenthis.png */; };
		23119CC31AD378D7004F3A98 /* skype.png in Resources */ = {isa = PBXBuildFile; fileRef = 23119C591AD378D7004F3A98 /* skype.png */; };
		23119CC41AD378D7004F3A98 /* sonic-net.png in Resources */ = {isa = PBXBuildFile; fileRef = 23119C5A1AD378D7004F3A98 /* sonic-net.png */; };
		23119CC51AD378D7004F3A98 /* soundcloud.png in Resources */ = {isa = PBXBuildFile; fileRef = 23119C5B1AD378D7004F3A98 /* soundcloud.png */; };
		23119CC61AD378D7004F3A98 /* spotify.png in Resources */ = {isa = PBXBuildFile; fileRef = 23119C5C1AD378D7004F3A98 /* spotify.png */; };
		23119CC71AD378D7004F3A98 /* steam.png in Resources */ = {isa = PBXBuildFile; fileRef = 23119C5D1AD378D7004F3A98 /* steam.png */; };
		23119CC81AD378D7004F3A98 /* time.png in Resources */ = {isa = PBXBuildFile; fileRef = 23119C5E1AD378D7004F3A98 /* time.png */; };
		23119CC91AD378D7004F3A98 /* tosdr-icon-16.png in Resources */ = {isa = PBXBuildFile; fileRef = 23119C5F1AD378D7004F3A98 /* tosdr-icon-16.png */; };
		23119CCA1AD378D7004F3A98 /* tumblr.png in Resources */ = {isa = PBXBuildFile; fileRef = 23119C601AD378D7004F3A98 /* tumblr.png */; };
		23119CCB1AD378D7004F3A98 /* twitpic.png in Resources */ = {isa = PBXBuildFile; fileRef = 23119C611AD378D7004F3A98 /* twitpic.png */; };
		23119CCC1AD378D7004F3A98 /* twitter.png in Resources */ = {isa = PBXBuildFile; fileRef = 23119C621AD378D7004F3A98 /* twitter.png */; };
		23119CCD1AD378D7004F3A98 /* unhostedby5apps.png in Resources */ = {isa = PBXBuildFile; fileRef = 23119C631AD378D7004F3A98 /* unhostedby5apps.png */; };
		23119CCE1AD378D7004F3A98 /* vbulletin.png in Resources */ = {isa = PBXBuildFile; fileRef = 23119C641AD378D7004F3A98 /* vbulletin.png */; };
		23119CCF1AD378D7004F3A98 /* verge.png in Resources */ = {isa = PBXBuildFile; fileRef = 23119C651AD378D7004F3A98 /* verge.png */; };
		23119CD01AD378D7004F3A98 /* videobb.png in Resources */ = {isa = PBXBuildFile; fileRef = 23119C661AD378D7004F3A98 /* videobb.png */; };
		23119CD11AD378D7004F3A98 /* whatsapp.png in Resources */ = {isa = PBXBuildFile; fileRef = 23119C671AD378D7004F3A98 /* whatsapp.png */; };
		23119CD21AD378D7004F3A98 /* wikipedia.png in Resources */ = {isa = PBXBuildFile; fileRef = 23119C681AD378D7004F3A98 /* wikipedia.png */; };
		23119CD31AD378D7004F3A98 /* wordfeud.png in Resources */ = {isa = PBXBuildFile; fileRef = 23119C691AD378D7004F3A98 /* wordfeud.png */; };
		23119CD41AD378D7004F3A98 /* wordpress-com.png in Resources */ = {isa = PBXBuildFile; fileRef = 23119C6A1AD378D7004F3A98 /* wordpress-com.png */; };
		23119CD51AD378D7004F3A98 /* world-of-warcraft.png in Resources */ = {isa = PBXBuildFile; fileRef = 23119C6B1AD378D7004F3A98 /* world-of-warcraft.png */; };
		23119CD61AD378D7004F3A98 /* xfire.png in Resources */ = {isa = PBXBuildFile; fileRef = 23119C6C1AD378D7004F3A98 /* xfire.png */; };
		23119CD71AD378D7004F3A98 /* xing.png in Resources */ = {isa = PBXBuildFile; fileRef = 23119C6D1AD378D7004F3A98 /* xing.png */; };
		23119CD81AD378D7004F3A98 /* yahoo.png in Resources */ = {isa = PBXBuildFile; fileRef = 23119C6E1AD378D7004F3A98 /* yahoo.png */; };
		23119CD91AD378D7004F3A98 /* youtube.png in Resources */ = {isa = PBXBuildFile; fileRef = 23119C6F1AD378D7004F3A98 /* youtube.png */; };
		23119CDA1AD378D7004F3A98 /* zeit.png in Resources */ = {isa = PBXBuildFile; fileRef = 23119C701AD378D7004F3A98 /* zeit.png */; };
		23119CDB1AD378D7004F3A98 /* zoosk.png in Resources */ = {isa = PBXBuildFile; fileRef = 23119C711AD378D7004F3A98 /* zoosk.png */; };
		23119CDC1AD378D7004F3A98 /* Images.xcassets in Resources */ = {isa = PBXBuildFile; fileRef = 23119C721AD378D7004F3A98 /* Images.xcassets */; };
		23119CDD1AD378D7004F3A98 /* Info.plist in Resources */ = {isa = PBXBuildFile; fileRef = 23119C731AD378D7004F3A98 /* Info.plist */; };
		23119CDE1AD378D7004F3A98 /* LaunchTerms.png in Resources */ = {isa = PBXBuildFile; fileRef = 23119C741AD378D7004F3A98 /* LaunchTerms.png */; };
		23119CDF1AD378D7004F3A98 /* TermsHeader.png in Resources */ = {isa = PBXBuildFile; fileRef = 23119C751AD378D7004F3A98 /* TermsHeader.png */; };
		23119CE01AD378D7004F3A98 /* TermsIcon.png in Resources */ = {isa = PBXBuildFile; fileRef = 23119C761AD378D7004F3A98 /* TermsIcon.png */; };
		23119CE11AD378D7004F3A98 /* tosdr_files.csv in Resources */ = {isa = PBXBuildFile; fileRef = 23119C771AD378D7004F3A98 /* tosdr_files.csv */; };
		23119CE21AD378D7004F3A98 /* TOSDRApps.json in Resources */ = {isa = PBXBuildFile; fileRef = 23119C781AD378D7004F3A98 /* TOSDRApps.json */; };
		23119CE31AD378D7004F3A98 /* x.png in Resources */ = {isa = PBXBuildFile; fileRef = 23119C791AD378D7004F3A98 /* x.png */; };
		23119CE41AD378D7004F3A98 /* x1.png in Resources */ = {isa = PBXBuildFile; fileRef = 23119C7A1AD378D7004F3A98 /* x1.png */; };
		23119CE51AD378D7004F3A98 /* CustomTableViewCell.swift in Sources */ = {isa = PBXBuildFile; fileRef = 23119C7C1AD378D7004F3A98 /* CustomTableViewCell.swift */; };
		23119CE61AD378D7004F3A98 /* CustomTableViewCell2.swift in Sources */ = {isa = PBXBuildFile; fileRef = 23119C7D1AD378D7004F3A98 /* CustomTableViewCell2.swift */; };
		23119CEF1AD37937004F3A98 /* Info.plist in Resources */ = {isa = PBXBuildFile; fileRef = 23119CED1AD37937004F3A98 /* Info.plist */; };
		23119CF01AD37937004F3A98 /* TermsTests.swift in Sources */ = {isa = PBXBuildFile; fileRef = 23119CEE1AD37937004F3A98 /* TermsTests.swift */; };
		23D2FDE61AD16BC40066C35C /* Pods.framework in Frameworks */ = {isa = PBXBuildFile; fileRef = 23D2FDE51AD16BC40066C35C /* Pods.framework */; settings = {ATTRIBUTES = (Weak, ); }; };
/* End PBXBuildFile section */

/* Begin PBXContainerItemProxy section */
		239348761A48027A0010C98C /* PBXContainerItemProxy */ = {
			isa = PBXContainerItemProxy;
			containerPortal = 239348581A48027A0010C98C /* Project object */;
			proxyType = 1;
			remoteGlobalIDString = 2393485F1A48027A0010C98C;
			remoteInfo = ProjectAlpha;
		};
/* End PBXContainerItemProxy section */

/* Begin PBXFileReference section */
		23119C0B1AD378D7004F3A98 /* AppDelegate.swift */ = {isa = PBXFileReference; fileEncoding = 4; lastKnownFileType = sourcecode.swift; path = AppDelegate.swift; sourceTree = "<group>"; };
		23119C0C1AD378D7004F3A98 /* Terms-Bridging-Header.h */ = {isa = PBXFileReference; fileEncoding = 4; lastKnownFileType = sourcecode.c.h; path = "Terms-Bridging-Header.h"; sourceTree = "<group>"; };
		23119C0E1AD378D7004F3A98 /* DetailViewController.swift */ = {isa = PBXFileReference; fileEncoding = 4; lastKnownFileType = sourcecode.swift; path = DetailViewController.swift; sourceTree = "<group>"; };
		23119C0F1AD378D7004F3A98 /* PointViewController.swift */ = {isa = PBXFileReference; fileEncoding = 4; lastKnownFileType = sourcecode.swift; path = PointViewController.swift; sourceTree = "<group>"; };
		23119C101AD378D7004F3A98 /* ViewController.swift */ = {isa = PBXFileReference; fileEncoding = 4; lastKnownFileType = sourcecode.swift; path = ViewController.swift; sourceTree = "<group>"; };
		23119C121AD378D7004F3A98 /* ListOfApplications.swift */ = {isa = PBXFileReference; fileEncoding = 4; lastKnownFileType = sourcecode.swift; path = ListOfApplications.swift; sourceTree = "<group>"; };
		23119C131AD378D7004F3A98 /* SingleApplication.swift */ = {isa = PBXFileReference; fileEncoding = 4; lastKnownFileType = sourcecode.swift; path = SingleApplication.swift; sourceTree = "<group>"; };
		23119C161AD378D7004F3A98 /* AppTermsModel.xcdatamodel */ = {isa = PBXFileReference; lastKnownFileType = wrapper.xcdatamodel; path = AppTermsModel.xcdatamodel; sourceTree = "<group>"; };
		23119C181AD378D7004F3A98 /* Base */ = {isa = PBXFileReference; lastKnownFileType = file.xib; name = Base; path = Base.lproj/LaunchScreen.xib; sourceTree = "<group>"; };
		23119C1A1AD378D7004F3A98 /* Base */ = {isa = PBXFileReference; lastKnownFileType = file.storyboard; name = Base; path = Base.lproj/Main.storyboard; sourceTree = "<group>"; };
		23119C1B1AD378D7004F3A98 /* check.png */ = {isa = PBXFileReference; lastKnownFileType = image.png; path = check.png; sourceTree = "<group>"; };
		23119C1C1AD378D7004F3A98 /* check1.png */ = {isa = PBXFileReference; lastKnownFileType = image.png; path = check1.png; sourceTree = "<group>"; };
		23119C1D1AD378D7004F3A98 /* cube.jpg */ = {isa = PBXFileReference; lastKnownFileType = image.jpeg; path = cube.jpg; sourceTree = "<group>"; };
		23119C1E1AD378D7004F3A98 /* default1.png */ = {isa = PBXFileReference; lastKnownFileType = image.png; path = default1.png; sourceTree = "<group>"; };
		23119C201AD378D7004F3A98 /* A.png */ = {isa = PBXFileReference; lastKnownFileType = image.png; path = A.png; sourceTree = "<group>"; };
		23119C211AD378D7004F3A98 /* B.png */ = {isa = PBXFileReference; lastKnownFileType = image.png; path = B.png; sourceTree = "<group>"; };
		23119C221AD378D7004F3A98 /* C.png */ = {isa = PBXFileReference; lastKnownFileType = image.png; path = C.png; sourceTree = "<group>"; };
		23119C231AD378D7004F3A98 /* D.png */ = {isa = PBXFileReference; lastKnownFileType = image.png; path = D.png; sourceTree = "<group>"; };
		23119C241AD378D7004F3A98 /* E.png */ = {isa = PBXFileReference; lastKnownFileType = image.png; path = E.png; sourceTree = "<group>"; };
		23119C251AD378D7004F3A98 /* N.png */ = {isa = PBXFileReference; lastKnownFileType = image.png; path = N.png; sourceTree = "<group>"; };
		23119C261AD378D7004F3A98 /* Z.png */ = {isa = PBXFileReference; lastKnownFileType = image.png; path = Z.png; sourceTree = "<group>"; };
		23119C281AD378D7004F3A98 /* 500px.png */ = {isa = PBXFileReference; lastKnownFileType = image.png; path = 500px.png; sourceTree = "<group>"; };
		23119C291AD378D7004F3A98 /* allrecipes.png */ = {isa = PBXFileReference; lastKnownFileType = image.png; path = allrecipes.png; sourceTree = "<group>"; };
		23119C2A1AD378D7004F3A98 /* amazon.png */ = {isa = PBXFileReference; lastKnownFileType = image.png; path = amazon.png; sourceTree = "<group>"; };
		23119C2B1AD378D7004F3A98 /* app-net.png */ = {isa = PBXFileReference; lastKnownFileType = image.png; path = "app-net.png"; sourceTree = "<group>"; };
		23119C2C1AD378D7004F3A98 /* apple-icloud.png */ = {isa = PBXFileReference; lastKnownFileType = image.png; path = "apple-icloud.png"; sourceTree = "<group>"; };
		23119C2D1AD378D7004F3A98 /* apple.png */ = {isa = PBXFileReference; lastKnownFileType = image.png; path = apple.png; sourceTree = "<group>"; };
		23119C2E1AD378D7004F3A98 /* bearshare.png */ = {isa = PBXFileReference; lastKnownFileType = image.png; path = bearshare.png; sourceTree = "<group>"; };
		23119C2F1AD378D7004F3A98 /* bit-ly.png */ = {isa = PBXFileReference; lastKnownFileType = image.png; path = "bit-ly.png"; sourceTree = "<group>"; };
		23119C301AD378D7004F3A98 /* cloudant.png */ = {isa = PBXFileReference; lastKnownFileType = image.png; path = cloudant.png; sourceTree = "<group>"; };
		23119C311AD378D7004F3A98 /* couchsurfing.png */ = {isa = PBXFileReference; lastKnownFileType = image.png; path = couchsurfing.png; sourceTree = "<group>"; };
		23119C321AD378D7004F3A98 /* delicious.png */ = {isa = PBXFileReference; lastKnownFileType = image.png; path = delicious.png; sourceTree = "<group>"; };
		23119C331AD378D7004F3A98 /* disqus.png */ = {isa = PBXFileReference; lastKnownFileType = image.png; path = disqus.png; sourceTree = "<group>"; };
		23119C341AD378D7004F3A98 /* dropbox.png */ = {isa = PBXFileReference; lastKnownFileType = image.png; path = dropbox.png; sourceTree = "<group>"; };
		23119C351AD378D7004F3A98 /* duckduckgo.png */ = {isa = PBXFileReference; lastKnownFileType = image.png; path = duckduckgo.png; sourceTree = "<group>"; };
		23119C361AD378D7004F3A98 /* ebuddy.png */ = {isa = PBXFileReference; lastKnownFileType = image.png; path = ebuddy.png; sourceTree = "<group>"; };
		23119C371AD378D7004F3A98 /* envato.png */ = {isa = PBXFileReference; lastKnownFileType = image.png; path = envato.png; sourceTree = "<group>"; };
		23119C381AD378D7004F3A98 /* evernote.png */ = {isa = PBXFileReference; lastKnownFileType = image.png; path = evernote.png; sourceTree = "<group>"; };
		23119C391AD378D7004F3A98 /* facebook.png */ = {isa = PBXFileReference; lastKnownFileType = image.png; path = facebook.png; sourceTree = "<group>"; };
		23119C3A1AD378D7004F3A98 /* faranow.png */ = {isa = PBXFileReference; lastKnownFileType = image.png; path = faranow.png; sourceTree = "<group>"; };
		23119C3B1AD378D7004F3A98 /* flattr.png */ = {isa = PBXFileReference; lastKnownFileType = image.png; path = flattr.png; sourceTree = "<group>"; };
		23119C3C1AD378D7004F3A98 /* flickr.png */ = {isa = PBXFileReference; lastKnownFileType = image.png; path = flickr.png; sourceTree = "<group>"; };
		23119C3D1AD378D7004F3A98 /* freeforums.png */ = {isa = PBXFileReference; lastKnownFileType = image.png; path = freeforums.png; sourceTree = "<group>"; };
		23119C3E1AD378D7004F3A98 /* gigaom.gif */ = {isa = PBXFileReference; lastKnownFileType = image.gif; path = gigaom.gif; sourceTree = "<group>"; };
		23119C3F1AD378D7004F3A98 /* github.png */ = {isa = PBXFileReference; lastKnownFileType = image.png; path = github.png; sourceTree = "<group>"; };
		23119C401AD378D7004F3A98 /* google.png */ = {isa = PBXFileReference; lastKnownFileType = image.png; path = google.png; sourceTree = "<group>"; };
		23119C411AD378D7004F3A98 /* grammarly.png */ = {isa = PBXFileReference; lastKnownFileType = image.png; path = grammarly.png; sourceTree = "<group>"; };
		23119C421AD378D7004F3A98 /* gravatar.png */ = {isa = PBXFileReference; lastKnownFileType = image.png; path = gravatar.png; sourceTree = "<group>"; };
		23119C431AD378D7004F3A98 /* habbo.png */ = {isa = PBXFileReference; lastKnownFileType = image.png; path = habbo.png; sourceTree = "<group>"; };
		23119C441AD378D7004F3A98 /* hugo.png */ = {isa = PBXFileReference; lastKnownFileType = image.png; path = hugo.png; sourceTree = "<group>"; };
		23119C451AD378D7004F3A98 /* hypster.png */ = {isa = PBXFileReference; lastKnownFileType = image.png; path = hypster.png; sourceTree = "<group>"; };
		23119C461AD378D7004F3A98 /* identi-ca.png */ = {isa = PBXFileReference; lastKnownFileType = image.png; path = "identi-ca.png"; sourceTree = "<group>"; };
		23119C471AD378D7004F3A98 /* ifttt.png */ = {isa = PBXFileReference; lastKnownFileType = image.png; path = ifttt.png; sourceTree = "<group>"; };
		23119C481AD378D7004F3A98 /* informe.png */ = {isa = PBXFileReference; lastKnownFileType = image.png; path = informe.png; sourceTree = "<group>"; };
		23119C491AD378D7004F3A98 /* instagram.png */ = {isa = PBXFileReference; lastKnownFileType = image.png; path = instagram.png; sourceTree = "<group>"; };
		23119C4A1AD378D7004F3A98 /* kolabnow.png */ = {isa = PBXFileReference; lastKnownFileType = image.png; path = kolabnow.png; sourceTree = "<group>"; };
		23119C4B1AD378D7004F3A98 /* lastpass.png */ = {isa = PBXFileReference; lastKnownFileType = image.png; path = lastpass.png; sourceTree = "<group>"; };
		23119C4C1AD378D7004F3A98 /* lemondefr.png */ = {isa = PBXFileReference; lastKnownFileType = image.png; path = lemondefr.png; sourceTree = "<group>"; };
		23119C4D1AD378D7004F3A98 /* microsoft-store.png */ = {isa = PBXFileReference; lastKnownFileType = image.png; path = "microsoft-store.png"; sourceTree = "<group>"; };
		23119C4E1AD378D7004F3A98 /* microsoft.png */ = {isa = PBXFileReference; lastKnownFileType = image.png; path = microsoft.png; sourceTree = "<group>"; };
		23119C4F1AD378D7004F3A98 /* mint.com.png */ = {isa = PBXFileReference; lastKnownFileType = image.png; path = mint.com.png; sourceTree = "<group>"; };
		23119C501AD378D7004F3A98 /* mykolab-com.png */ = {isa = PBXFileReference; lastKnownFileType = image.png; path = "mykolab-com.png"; sourceTree = "<group>"; };
		23119C511AD378D7004F3A98 /* nabble.png */ = {isa = PBXFileReference; lastKnownFileType = image.png; path = nabble.png; sourceTree = "<group>"; };
		23119C521AD378D7004F3A98 /* netflix.png */ = {isa = PBXFileReference; lastKnownFileType = image.png; path = netflix.png; sourceTree = "<group>"; };
		23119C531AD378D7004F3A98 /* olx.png */ = {isa = PBXFileReference; lastKnownFileType = image.png; path = olx.png; sourceTree = "<group>"; };
		23119C541AD378D7004F3A98 /* owncube.png */ = {isa = PBXFileReference; lastKnownFileType = image.png; path = owncube.png; sourceTree = "<group>"; };
		23119C551AD378D7004F3A98 /* phpbb.png */ = {isa = PBXFileReference; lastKnownFileType = image.png; path = phpbb.png; sourceTree = "<group>"; };
		23119C561AD378D7004F3A98 /* rapidshare.png */ = {isa = PBXFileReference; lastKnownFileType = image.png; path = rapidshare.png; sourceTree = "<group>"; };
		23119C571AD378D7004F3A98 /* runescape.png */ = {isa = PBXFileReference; lastKnownFileType = image.png; path = runescape.png; sourceTree = "<group>"; };
		23119C581AD378D7004F3A98 /* seenthis.png */ = {isa = PBXFileReference; lastKnownFileType = image.png; path = seenthis.png; sourceTree = "<group>"; };
		23119C591AD378D7004F3A98 /* skype.png */ = {isa = PBXFileReference; lastKnownFileType = image.png; path = skype.png; sourceTree = "<group>"; };
		23119C5A1AD378D7004F3A98 /* sonic-net.png */ = {isa = PBXFileReference; lastKnownFileType = image.png; path = "sonic-net.png"; sourceTree = "<group>"; };
		23119C5B1AD378D7004F3A98 /* soundcloud.png */ = {isa = PBXFileReference; lastKnownFileType = image.png; path = soundcloud.png; sourceTree = "<group>"; };
		23119C5C1AD378D7004F3A98 /* spotify.png */ = {isa = PBXFileReference; lastKnownFileType = image.png; path = spotify.png; sourceTree = "<group>"; };
		23119C5D1AD378D7004F3A98 /* steam.png */ = {isa = PBXFileReference; lastKnownFileType = image.png; path = steam.png; sourceTree = "<group>"; };
		23119C5E1AD378D7004F3A98 /* time.png */ = {isa = PBXFileReference; lastKnownFileType = image.png; path = time.png; sourceTree = "<group>"; };
		23119C5F1AD378D7004F3A98 /* tosdr-icon-16.png */ = {isa = PBXFileReference; lastKnownFileType = image.png; path = "tosdr-icon-16.png"; sourceTree = "<group>"; };
		23119C601AD378D7004F3A98 /* tumblr.png */ = {isa = PBXFileReference; lastKnownFileType = image.png; path = tumblr.png; sourceTree = "<group>"; };
		23119C611AD378D7004F3A98 /* twitpic.png */ = {isa = PBXFileReference; lastKnownFileType = image.png; path = twitpic.png; sourceTree = "<group>"; };
		23119C621AD378D7004F3A98 /* twitter.png */ = {isa = PBXFileReference; lastKnownFileType = image.png; path = twitter.png; sourceTree = "<group>"; };
		23119C631AD378D7004F3A98 /* unhostedby5apps.png */ = {isa = PBXFileReference; lastKnownFileType = image.png; path = unhostedby5apps.png; sourceTree = "<group>"; };
		23119C641AD378D7004F3A98 /* vbulletin.png */ = {isa = PBXFileReference; lastKnownFileType = image.png; path = vbulletin.png; sourceTree = "<group>"; };
		23119C651AD378D7004F3A98 /* verge.png */ = {isa = PBXFileReference; lastKnownFileType = image.png; path = verge.png; sourceTree = "<group>"; };
		23119C661AD378D7004F3A98 /* videobb.png */ = {isa = PBXFileReference; lastKnownFileType = image.png; path = videobb.png; sourceTree = "<group>"; };
		23119C671AD378D7004F3A98 /* whatsapp.png */ = {isa = PBXFileReference; lastKnownFileType = image.png; path = whatsapp.png; sourceTree = "<group>"; };
		23119C681AD378D7004F3A98 /* wikipedia.png */ = {isa = PBXFileReference; lastKnownFileType = image.png; path = wikipedia.png; sourceTree = "<group>"; };
		23119C691AD378D7004F3A98 /* wordfeud.png */ = {isa = PBXFileReference; lastKnownFileType = image.png; path = wordfeud.png; sourceTree = "<group>"; };
		23119C6A1AD378D7004F3A98 /* wordpress-com.png */ = {isa = PBXFileReference; lastKnownFileType = image.png; path = "wordpress-com.png"; sourceTree = "<group>"; };
		23119C6B1AD378D7004F3A98 /* world-of-warcraft.png */ = {isa = PBXFileReference; lastKnownFileType = image.png; path = "world-of-warcraft.png"; sourceTree = "<group>"; };
		23119C6C1AD378D7004F3A98 /* xfire.png */ = {isa = PBXFileReference; lastKnownFileType = image.png; path = xfire.png; sourceTree = "<group>"; };
		23119C6D1AD378D7004F3A98 /* xing.png */ = {isa = PBXFileReference; lastKnownFileType = image.png; path = xing.png; sourceTree = "<group>"; };
		23119C6E1AD378D7004F3A98 /* yahoo.png */ = {isa = PBXFileReference; lastKnownFileType = image.png; path = yahoo.png; sourceTree = "<group>"; };
		23119C6F1AD378D7004F3A98 /* youtube.png */ = {isa = PBXFileReference; lastKnownFileType = image.png; path = youtube.png; sourceTree = "<group>"; };
		23119C701AD378D7004F3A98 /* zeit.png */ = {isa = PBXFileReference; lastKnownFileType = image.png; path = zeit.png; sourceTree = "<group>"; };
		23119C711AD378D7004F3A98 /* zoosk.png */ = {isa = PBXFileReference; lastKnownFileType = image.png; path = zoosk.png; sourceTree = "<group>"; };
		23119C721AD378D7004F3A98 /* Images.xcassets */ = {isa = PBXFileReference; lastKnownFileType = folder.assetcatalog; path = Images.xcassets; sourceTree = "<group>"; };
		23119C731AD378D7004F3A98 /* Info.plist */ = {isa = PBXFileReference; fileEncoding = 4; lastKnownFileType = text.plist.xml; path = Info.plist; sourceTree = "<group>"; };
		23119C741AD378D7004F3A98 /* LaunchTerms.png */ = {isa = PBXFileReference; lastKnownFileType = image.png; path = LaunchTerms.png; sourceTree = "<group>"; };
		23119C751AD378D7004F3A98 /* TermsHeader.png */ = {isa = PBXFileReference; lastKnownFileType = image.png; path = TermsHeader.png; sourceTree = "<group>"; };
		23119C761AD378D7004F3A98 /* TermsIcon.png */ = {isa = PBXFileReference; lastKnownFileType = image.png; path = TermsIcon.png; sourceTree = "<group>"; };
		23119C771AD378D7004F3A98 /* tosdr_files.csv */ = {isa = PBXFileReference; fileEncoding = 4; lastKnownFileType = text; path = tosdr_files.csv; sourceTree = "<group>"; };
		23119C781AD378D7004F3A98 /* TOSDRApps.json */ = {isa = PBXFileReference; fileEncoding = 4; lastKnownFileType = text.json; path = TOSDRApps.json; sourceTree = "<group>"; };
		23119C791AD378D7004F3A98 /* x.png */ = {isa = PBXFileReference; lastKnownFileType = image.png; path = x.png; sourceTree = "<group>"; };
		23119C7A1AD378D7004F3A98 /* x1.png */ = {isa = PBXFileReference; lastKnownFileType = image.png; path = x1.png; sourceTree = "<group>"; };
		23119C7C1AD378D7004F3A98 /* CustomTableViewCell.swift */ = {isa = PBXFileReference; fileEncoding = 4; lastKnownFileType = sourcecode.swift; path = CustomTableViewCell.swift; sourceTree = "<group>"; };
		23119C7D1AD378D7004F3A98 /* CustomTableViewCell2.swift */ = {isa = PBXFileReference; fileEncoding = 4; lastKnownFileType = sourcecode.swift; path = CustomTableViewCell2.swift; sourceTree = "<group>"; };
		23119CED1AD37937004F3A98 /* Info.plist */ = {isa = PBXFileReference; fileEncoding = 4; lastKnownFileType = text.plist.xml; path = Info.plist; sourceTree = "<group>"; };
		23119CEE1AD37937004F3A98 /* TermsTests.swift */ = {isa = PBXFileReference; fileEncoding = 4; lastKnownFileType = sourcecode.swift; path = TermsTests.swift; sourceTree = "<group>"; };
		2351A5D41ACBD69D00B491CD /* iHasApp.framework */ = {isa = PBXFileReference; lastKnownFileType = wrapper.framework; name = iHasApp.framework; path = "Pods/../build/Debug-iphoneos/Pods/iHasApp.framework"; sourceTree = "<group>"; };
		2351A5D61ACBD6A200B491CD /* SwiftyJSON.framework */ = {isa = PBXFileReference; lastKnownFileType = wrapper.framework; name = SwiftyJSON.framework; path = "Pods/../build/Debug-iphoneos/Pods/SwiftyJSON.framework"; sourceTree = "<group>"; };
		239348601A48027A0010C98C /* Terms.app */ = {isa = PBXFileReference; explicitFileType = wrapper.application; includeInIndex = 0; path = Terms.app; sourceTree = BUILT_PRODUCTS_DIR; };
		239348751A48027A0010C98C /* TermsTests.xctest */ = {isa = PBXFileReference; explicitFileType = wrapper.cfbundle; includeInIndex = 0; path = TermsTests.xctest; sourceTree = BUILT_PRODUCTS_DIR; };
		23D0157C1AD0F1D800DC1850 /* Accelerate.framework */ = {isa = PBXFileReference; lastKnownFileType = wrapper.framework; name = Accelerate.framework; path = System/Library/Frameworks/Accelerate.framework; sourceTree = SDKROOT; };
		23D0157D1AD0F1D800DC1850 /* AddressBook.framework */ = {isa = PBXFileReference; lastKnownFileType = wrapper.framework; name = AddressBook.framework; path = System/Library/Frameworks/AddressBook.framework; sourceTree = SDKROOT; };
		23D0157E1AD0F1D800DC1850 /* AddressBookUI.framework */ = {isa = PBXFileReference; lastKnownFileType = wrapper.framework; name = AddressBookUI.framework; path = System/Library/Frameworks/AddressBookUI.framework; sourceTree = SDKROOT; };
		23D0157F1AD0F1D800DC1850 /* AssetsLibrary.framework */ = {isa = PBXFileReference; lastKnownFileType = wrapper.framework; name = AssetsLibrary.framework; path = System/Library/Frameworks/AssetsLibrary.framework; sourceTree = SDKROOT; };
		23D015801AD0F1D800DC1850 /* AudioToolbox.framework */ = {isa = PBXFileReference; lastKnownFileType = wrapper.framework; name = AudioToolbox.framework; path = System/Library/Frameworks/AudioToolbox.framework; sourceTree = SDKROOT; };
		23D015811AD0F1D800DC1850 /* AVFoundation.framework */ = {isa = PBXFileReference; lastKnownFileType = wrapper.framework; name = AVFoundation.framework; path = System/Library/Frameworks/AVFoundation.framework; sourceTree = SDKROOT; };
		23D015821AD0F1D800DC1850 /* CFNetwork.framework */ = {isa = PBXFileReference; lastKnownFileType = wrapper.framework; name = CFNetwork.framework; path = System/Library/Frameworks/CFNetwork.framework; sourceTree = SDKROOT; };
		23D015831AD0F1D800DC1850 /* CoreBluetooth.framework */ = {isa = PBXFileReference; lastKnownFileType = wrapper.framework; name = CoreBluetooth.framework; path = System/Library/Frameworks/CoreBluetooth.framework; sourceTree = SDKROOT; };
		23D015841AD0F1D800DC1850 /* CoreGraphics.framework */ = {isa = PBXFileReference; lastKnownFileType = wrapper.framework; name = CoreGraphics.framework; path = System/Library/Frameworks/CoreGraphics.framework; sourceTree = SDKROOT; };
		23D015851AD0F1D800DC1850 /* CoreImage.framework */ = {isa = PBXFileReference; lastKnownFileType = wrapper.framework; name = CoreImage.framework; path = System/Library/Frameworks/CoreImage.framework; sourceTree = SDKROOT; };
		23D015861AD0F1D800DC1850 /* CoreLocation.framework */ = {isa = PBXFileReference; lastKnownFileType = wrapper.framework; name = CoreLocation.framework; path = System/Library/Frameworks/CoreLocation.framework; sourceTree = SDKROOT; };
		23D015871AD0F1D800DC1850 /* CoreMedia.framework */ = {isa = PBXFileReference; lastKnownFileType = wrapper.framework; name = CoreMedia.framework; path = System/Library/Frameworks/CoreMedia.framework; sourceTree = SDKROOT; };
		23D015881AD0F1D800DC1850 /* CoreTelephony.framework */ = {isa = PBXFileReference; lastKnownFileType = wrapper.framework; name = CoreTelephony.framework; path = System/Library/Frameworks/CoreTelephony.framework; sourceTree = SDKROOT; };
		23D015891AD0F1D800DC1850 /* CoreText.framework */ = {isa = PBXFileReference; lastKnownFileType = wrapper.framework; name = CoreText.framework; path = System/Library/Frameworks/CoreText.framework; sourceTree = SDKROOT; };
		23D0158A1AD0F1D800DC1850 /* CoreVideo.framework */ = {isa = PBXFileReference; lastKnownFileType = wrapper.framework; name = CoreVideo.framework; path = System/Library/Frameworks/CoreVideo.framework; sourceTree = SDKROOT; };
		23D0158B1AD0F1D800DC1850 /* EventKit.framework */ = {isa = PBXFileReference; lastKnownFileType = wrapper.framework; name = EventKit.framework; path = System/Library/Frameworks/EventKit.framework; sourceTree = SDKROOT; };
		23D0158C1AD0F1D800DC1850 /* Foundation.framework */ = {isa = PBXFileReference; lastKnownFileType = wrapper.framework; name = Foundation.framework; path = System/Library/Frameworks/Foundation.framework; sourceTree = SDKROOT; };
		23D0158D1AD0F1D800DC1850 /* ImageIO.framework */ = {isa = PBXFileReference; lastKnownFileType = wrapper.framework; name = ImageIO.framework; path = System/Library/Frameworks/ImageIO.framework; sourceTree = SDKROOT; };
		23D0158E1AD0F1D800DC1850 /* libc++.dylib */ = {isa = PBXFileReference; lastKnownFileType = "compiled.mach-o.dylib"; name = "libc++.dylib"; path = "usr/lib/libc++.dylib"; sourceTree = SDKROOT; };
		23D0158F1AD0F1D800DC1850 /* libstdc++.dylib */ = {isa = PBXFileReference; lastKnownFileType = "compiled.mach-o.dylib"; name = "libstdc++.dylib"; path = "usr/lib/libstdc++.dylib"; sourceTree = SDKROOT; };
		23D015901AD0F1D800DC1850 /* libxml2.2.dylib */ = {isa = PBXFileReference; lastKnownFileType = "compiled.mach-o.dylib"; name = libxml2.2.dylib; path = usr/lib/libxml2.2.dylib; sourceTree = SDKROOT; };
		23D015911AD0F1D800DC1850 /* libz.dylib */ = {isa = PBXFileReference; lastKnownFileType = "compiled.mach-o.dylib"; name = libz.dylib; path = usr/lib/libz.dylib; sourceTree = SDKROOT; };
		23D015921AD0F1D800DC1850 /* MapKit.framework */ = {isa = PBXFileReference; lastKnownFileType = wrapper.framework; name = MapKit.framework; path = System/Library/Frameworks/MapKit.framework; sourceTree = SDKROOT; };
		23D015931AD0F1D800DC1850 /* MediaPlayer.framework */ = {isa = PBXFileReference; lastKnownFileType = wrapper.framework; name = MediaPlayer.framework; path = System/Library/Frameworks/MediaPlayer.framework; sourceTree = SDKROOT; };
		23D015941AD0F1D800DC1850 /* MessageUI.framework */ = {isa = PBXFileReference; lastKnownFileType = wrapper.framework; name = MessageUI.framework; path = System/Library/Frameworks/MessageUI.framework; sourceTree = SDKROOT; };
		23D015951AD0F1D800DC1850 /* MobileCoreServices.framework */ = {isa = PBXFileReference; lastKnownFileType = wrapper.framework; name = MobileCoreServices.framework; path = System/Library/Frameworks/MobileCoreServices.framework; sourceTree = SDKROOT; };
		23D015961AD0F1D800DC1850 /* QuartzCore.framework */ = {isa = PBXFileReference; lastKnownFileType = wrapper.framework; name = QuartzCore.framework; path = System/Library/Frameworks/QuartzCore.framework; sourceTree = SDKROOT; };
		23D015971AD0F1D800DC1850 /* Security.framework */ = {isa = PBXFileReference; lastKnownFileType = wrapper.framework; name = Security.framework; path = System/Library/Frameworks/Security.framework; sourceTree = SDKROOT; };
		23D015981AD0F1D800DC1850 /* StoreKit.framework */ = {isa = PBXFileReference; lastKnownFileType = wrapper.framework; name = StoreKit.framework; path = System/Library/Frameworks/StoreKit.framework; sourceTree = SDKROOT; };
		23D015991AD0F1D800DC1850 /* SystemConfiguration.framework */ = {isa = PBXFileReference; lastKnownFileType = wrapper.framework; name = SystemConfiguration.framework; path = System/Library/Frameworks/SystemConfiguration.framework; sourceTree = SDKROOT; };
		23D0159A1AD0F1D800DC1850 /* UIKit.framework */ = {isa = PBXFileReference; lastKnownFileType = wrapper.framework; name = UIKit.framework; path = System/Library/Frameworks/UIKit.framework; sourceTree = SDKROOT; };
		23D2FDE51AD16BC40066C35C /* Pods.framework */ = {isa = PBXFileReference; lastKnownFileType = wrapper.framework; name = Pods.framework; path = "Pods/../build/Debug-iphoneos/Pods.framework"; sourceTree = "<group>"; };
		23D2FE021AD16D730066C35C /* CoreFoundation.framework */ = {isa = PBXFileReference; lastKnownFileType = wrapper.framework; name = CoreFoundation.framework; path = System/Library/Frameworks/CoreFoundation.framework; sourceTree = SDKROOT; };
		23D2FE031AD16D730066C35C /* OpenGLES.framework */ = {isa = PBXFileReference; lastKnownFileType = wrapper.framework; name = OpenGLES.framework; path = System/Library/Frameworks/OpenGLES.framework; sourceTree = SDKROOT; };
		2E88C6BF3BB5922FE4E715D1 /* Pods.release.xcconfig */ = {isa = PBXFileReference; includeInIndex = 1; lastKnownFileType = text.xcconfig; name = Pods.release.xcconfig; path = "Pods/Target Support Files/Pods/Pods.release.xcconfig"; sourceTree = "<group>"; };
		C1D93687B12A0AA5E5F56231 /* Pods.framework */ = {isa = PBXFileReference; explicitFileType = wrapper.framework; includeInIndex = 0; path = Pods.framework; sourceTree = BUILT_PRODUCTS_DIR; };
		C65C8C6B2C20AEDF3103EB34 /* Pods.debug.xcconfig */ = {isa = PBXFileReference; includeInIndex = 1; lastKnownFileType = text.xcconfig; name = Pods.debug.xcconfig; path = "Pods/Target Support Files/Pods/Pods.debug.xcconfig"; sourceTree = "<group>"; };
/* End PBXFileReference section */

/* Begin PBXFrameworksBuildPhase section */
		2393485D1A48027A0010C98C /* Frameworks */ = {
			isa = PBXFrameworksBuildPhase;
			buildActionMask = 2147483647;
			files = (
				23D2FDE61AD16BC40066C35C /* Pods.framework in Frameworks */,
			);
			runOnlyForDeploymentPostprocessing = 0;
		};
		239348721A48027A0010C98C /* Frameworks */ = {
			isa = PBXFrameworksBuildPhase;
			buildActionMask = 2147483647;
			files = (
			);
			runOnlyForDeploymentPostprocessing = 0;
		};
/* End PBXFrameworksBuildPhase section */

/* Begin PBXGroup section */
		23119C091AD378D7004F3A98 /* Terms */ = {
			isa = PBXGroup;
			children = (
				23119C0A1AD378D7004F3A98 /* Application */,
				23119C0D1AD378D7004F3A98 /* Controllers */,
				23119C111AD378D7004F3A98 /* Models */,
				23119C141AD378D7004F3A98 /* Resources */,
				23119C7B1AD378D7004F3A98 /* Views */,
			);
			path = Terms;
			sourceTree = "<group>";
		};
		23119C0A1AD378D7004F3A98 /* Application */ = {
			isa = PBXGroup;
			children = (
				23119C0B1AD378D7004F3A98 /* AppDelegate.swift */,
				23119C0C1AD378D7004F3A98 /* Terms-Bridging-Header.h */,
			);
			path = Application;
			sourceTree = "<group>";
		};
		23119C0D1AD378D7004F3A98 /* Controllers */ = {
			isa = PBXGroup;
			children = (
				23119C0E1AD378D7004F3A98 /* DetailViewController.swift */,
				23119C0F1AD378D7004F3A98 /* PointViewController.swift */,
				23119C101AD378D7004F3A98 /* ViewController.swift */,
			);
			path = Controllers;
			sourceTree = "<group>";
		};
		23119C111AD378D7004F3A98 /* Models */ = {
			isa = PBXGroup;
			children = (
				23119C121AD378D7004F3A98 /* ListOfApplications.swift */,
				23119C131AD378D7004F3A98 /* SingleApplication.swift */,
			);
			path = Models;
			sourceTree = "<group>";
		};
		23119C141AD378D7004F3A98 /* Resources */ = {
			isa = PBXGroup;
			children = (
				23119C151AD378D7004F3A98 /* AppTermsModel.xcdatamodeld */,
				23119C171AD378D7004F3A98 /* LaunchScreen.xib */,
				23119C191AD378D7004F3A98 /* Main.storyboard */,
				23119C1B1AD378D7004F3A98 /* check.png */,
				23119C1C1AD378D7004F3A98 /* check1.png */,
				23119C1D1AD378D7004F3A98 /* cube.jpg */,
				23119C1E1AD378D7004F3A98 /* default1.png */,
				23119C1F1AD378D7004F3A98 /* Grades */,
				23119C271AD378D7004F3A98 /* Icons_Final */,
				23119C721AD378D7004F3A98 /* Images.xcassets */,
				23119C731AD378D7004F3A98 /* Info.plist */,
				23119C741AD378D7004F3A98 /* LaunchTerms.png */,
				23119C751AD378D7004F3A98 /* TermsHeader.png */,
				23119C761AD378D7004F3A98 /* TermsIcon.png */,
				23119C771AD378D7004F3A98 /* tosdr_files.csv */,
				23119C781AD378D7004F3A98 /* TOSDRApps.json */,
				23119C791AD378D7004F3A98 /* x.png */,
				23119C7A1AD378D7004F3A98 /* x1.png */,
			);
			path = Resources;
			sourceTree = "<group>";
		};
		23119C1F1AD378D7004F3A98 /* Grades */ = {
			isa = PBXGroup;
			children = (
				23119C201AD378D7004F3A98 /* A.png */,
				23119C211AD378D7004F3A98 /* B.png */,
				23119C221AD378D7004F3A98 /* C.png */,
				23119C231AD378D7004F3A98 /* D.png */,
				23119C241AD378D7004F3A98 /* E.png */,
				23119C251AD378D7004F3A98 /* N.png */,
				23119C261AD378D7004F3A98 /* Z.png */,
			);
			path = Grades;
			sourceTree = "<group>";
		};
		23119C271AD378D7004F3A98 /* Icons_Final */ = {
			isa = PBXGroup;
			children = (
				23119C281AD378D7004F3A98 /* 500px.png */,
				23119C291AD378D7004F3A98 /* allrecipes.png */,
				23119C2A1AD378D7004F3A98 /* amazon.png */,
				23119C2B1AD378D7004F3A98 /* app-net.png */,
				23119C2C1AD378D7004F3A98 /* apple-icloud.png */,
				23119C2D1AD378D7004F3A98 /* apple.png */,
				23119C2E1AD378D7004F3A98 /* bearshare.png */,
				23119C2F1AD378D7004F3A98 /* bit-ly.png */,
				23119C301AD378D7004F3A98 /* cloudant.png */,
				23119C311AD378D7004F3A98 /* couchsurfing.png */,
				23119C321AD378D7004F3A98 /* delicious.png */,
				23119C331AD378D7004F3A98 /* disqus.png */,
				23119C341AD378D7004F3A98 /* dropbox.png */,
				23119C351AD378D7004F3A98 /* duckduckgo.png */,
				23119C361AD378D7004F3A98 /* ebuddy.png */,
				23119C371AD378D7004F3A98 /* envato.png */,
				23119C381AD378D7004F3A98 /* evernote.png */,
				23119C391AD378D7004F3A98 /* facebook.png */,
				23119C3A1AD378D7004F3A98 /* faranow.png */,
				23119C3B1AD378D7004F3A98 /* flattr.png */,
				23119C3C1AD378D7004F3A98 /* flickr.png */,
				23119C3D1AD378D7004F3A98 /* freeforums.png */,
				23119C3E1AD378D7004F3A98 /* gigaom.gif */,
				23119C3F1AD378D7004F3A98 /* github.png */,
				23119C401AD378D7004F3A98 /* google.png */,
				23119C411AD378D7004F3A98 /* grammarly.png */,
				23119C421AD378D7004F3A98 /* gravatar.png */,
				23119C431AD378D7004F3A98 /* habbo.png */,
				23119C441AD378D7004F3A98 /* hugo.png */,
				23119C451AD378D7004F3A98 /* hypster.png */,
				23119C461AD378D7004F3A98 /* identi-ca.png */,
				23119C471AD378D7004F3A98 /* ifttt.png */,
				23119C481AD378D7004F3A98 /* informe.png */,
				23119C491AD378D7004F3A98 /* instagram.png */,
				23119C4A1AD378D7004F3A98 /* kolabnow.png */,
				23119C4B1AD378D7004F3A98 /* lastpass.png */,
				23119C4C1AD378D7004F3A98 /* lemondefr.png */,
				23119C4D1AD378D7004F3A98 /* microsoft-store.png */,
				23119C4E1AD378D7004F3A98 /* microsoft.png */,
				23119C4F1AD378D7004F3A98 /* mint.com.png */,
				23119C501AD378D7004F3A98 /* mykolab-com.png */,
				23119C511AD378D7004F3A98 /* nabble.png */,
				23119C521AD378D7004F3A98 /* netflix.png */,
				23119C531AD378D7004F3A98 /* olx.png */,
				23119C541AD378D7004F3A98 /* owncube.png */,
				23119C551AD378D7004F3A98 /* phpbb.png */,
				23119C561AD378D7004F3A98 /* rapidshare.png */,
				23119C571AD378D7004F3A98 /* runescape.png */,
				23119C581AD378D7004F3A98 /* seenthis.png */,
				23119C591AD378D7004F3A98 /* skype.png */,
				23119C5A1AD378D7004F3A98 /* sonic-net.png */,
				23119C5B1AD378D7004F3A98 /* soundcloud.png */,
				23119C5C1AD378D7004F3A98 /* spotify.png */,
				23119C5D1AD378D7004F3A98 /* steam.png */,
				23119C5E1AD378D7004F3A98 /* time.png */,
				23119C5F1AD378D7004F3A98 /* tosdr-icon-16.png */,
				23119C601AD378D7004F3A98 /* tumblr.png */,
				23119C611AD378D7004F3A98 /* twitpic.png */,
				23119C621AD378D7004F3A98 /* twitter.png */,
				23119C631AD378D7004F3A98 /* unhostedby5apps.png */,
				23119C641AD378D7004F3A98 /* vbulletin.png */,
				23119C651AD378D7004F3A98 /* verge.png */,
				23119C661AD378D7004F3A98 /* videobb.png */,
				23119C671AD378D7004F3A98 /* whatsapp.png */,
				23119C681AD378D7004F3A98 /* wikipedia.png */,
				23119C691AD378D7004F3A98 /* wordfeud.png */,
				23119C6A1AD378D7004F3A98 /* wordpress-com.png */,
				23119C6B1AD378D7004F3A98 /* world-of-warcraft.png */,
				23119C6C1AD378D7004F3A98 /* xfire.png */,
				23119C6D1AD378D7004F3A98 /* xing.png */,
				23119C6E1AD378D7004F3A98 /* yahoo.png */,
				23119C6F1AD378D7004F3A98 /* youtube.png */,
				23119C701AD378D7004F3A98 /* zeit.png */,
				23119C711AD378D7004F3A98 /* zoosk.png */,
			);
			path = Icons_Final;
			sourceTree = "<group>";
		};
		23119C7B1AD378D7004F3A98 /* Views */ = {
			isa = PBXGroup;
			children = (
				23119C7C1AD378D7004F3A98 /* CustomTableViewCell.swift */,
				23119C7D1AD378D7004F3A98 /* CustomTableViewCell2.swift */,
			);
			path = Views;
			sourceTree = "<group>";
		};
		23119CEC1AD37937004F3A98 /* TermsTests */ = {
			isa = PBXGroup;
			children = (
				23119CED1AD37937004F3A98 /* Info.plist */,
				23119CEE1AD37937004F3A98 /* TermsTests.swift */,
			);
			path = TermsTests;
			sourceTree = "<group>";
		};
		239348571A48027A0010C98C = {
			isa = PBXGroup;
			children = (
				23119C091AD378D7004F3A98 /* Terms */,
				23119CEC1AD37937004F3A98 /* TermsTests */,
				239348611A48027A0010C98C /* Products */,
				9086B18D08A00CA8198B7C20 /* Pods */,
				940DFFEC188B983F4DFAD6DA /* Frameworks */,
			);
			sourceTree = "<group>";
		};
		239348611A48027A0010C98C /* Products */ = {
			isa = PBXGroup;
			children = (
				239348601A48027A0010C98C /* Terms.app */,
				239348751A48027A0010C98C /* TermsTests.xctest */,
			);
			name = Products;
			sourceTree = "<group>";
		};
		9086B18D08A00CA8198B7C20 /* Pods */ = {
			isa = PBXGroup;
			children = (
				C65C8C6B2C20AEDF3103EB34 /* Pods.debug.xcconfig */,
				2E88C6BF3BB5922FE4E715D1 /* Pods.release.xcconfig */,
			);
			name = Pods;
			sourceTree = "<group>";
		};
		940DFFEC188B983F4DFAD6DA /* Frameworks */ = {
			isa = PBXGroup;
			children = (
				23D2FE021AD16D730066C35C /* CoreFoundation.framework */,
				23D2FE031AD16D730066C35C /* OpenGLES.framework */,
				23D2FDE51AD16BC40066C35C /* Pods.framework */,
				23D0157C1AD0F1D800DC1850 /* Accelerate.framework */,
				23D0157D1AD0F1D800DC1850 /* AddressBook.framework */,
				23D0157E1AD0F1D800DC1850 /* AddressBookUI.framework */,
				23D0157F1AD0F1D800DC1850 /* AssetsLibrary.framework */,
				23D015801AD0F1D800DC1850 /* AudioToolbox.framework */,
				23D015811AD0F1D800DC1850 /* AVFoundation.framework */,
				23D015821AD0F1D800DC1850 /* CFNetwork.framework */,
				23D015831AD0F1D800DC1850 /* CoreBluetooth.framework */,
				23D015841AD0F1D800DC1850 /* CoreGraphics.framework */,
				23D015851AD0F1D800DC1850 /* CoreImage.framework */,
				23D015861AD0F1D800DC1850 /* CoreLocation.framework */,
				23D015871AD0F1D800DC1850 /* CoreMedia.framework */,
				23D015881AD0F1D800DC1850 /* CoreTelephony.framework */,
				23D015891AD0F1D800DC1850 /* CoreText.framework */,
				23D0158A1AD0F1D800DC1850 /* CoreVideo.framework */,
				23D0158B1AD0F1D800DC1850 /* EventKit.framework */,
				23D0158C1AD0F1D800DC1850 /* Foundation.framework */,
				23D0158D1AD0F1D800DC1850 /* ImageIO.framework */,
				23D0158E1AD0F1D800DC1850 /* libc++.dylib */,
				23D0158F1AD0F1D800DC1850 /* libstdc++.dylib */,
				23D015901AD0F1D800DC1850 /* libxml2.2.dylib */,
				23D015911AD0F1D800DC1850 /* libz.dylib */,
				23D015921AD0F1D800DC1850 /* MapKit.framework */,
				23D015931AD0F1D800DC1850 /* MediaPlayer.framework */,
				23D015941AD0F1D800DC1850 /* MessageUI.framework */,
				23D015951AD0F1D800DC1850 /* MobileCoreServices.framework */,
				23D015961AD0F1D800DC1850 /* QuartzCore.framework */,
				23D015971AD0F1D800DC1850 /* Security.framework */,
				23D015981AD0F1D800DC1850 /* StoreKit.framework */,
				23D015991AD0F1D800DC1850 /* SystemConfiguration.framework */,
				23D0159A1AD0F1D800DC1850 /* UIKit.framework */,
				2351A5D61ACBD6A200B491CD /* SwiftyJSON.framework */,
				2351A5D41ACBD69D00B491CD /* iHasApp.framework */,
				C1D93687B12A0AA5E5F56231 /* Pods.framework */,
			);
			name = Frameworks;
			sourceTree = "<group>";
		};
/* End PBXGroup section */

/* Begin PBXNativeTarget section */
		2393485F1A48027A0010C98C /* Terms */ = {
			isa = PBXNativeTarget;
			buildConfigurationList = 2393487F1A48027A0010C98C /* Build configuration list for PBXNativeTarget "Terms" */;
			buildPhases = (
				25557B1CCBB30ADE5C2A5514 /* Check Pods Manifest.lock */,
				2393485C1A48027A0010C98C /* Sources */,
				2393485D1A48027A0010C98C /* Frameworks */,
				2393485E1A48027A0010C98C /* Resources */,
				31BA19CA3F8B5A24458E8A3B /* Copy Pods Resources */,
				577858567B06E1489901DAB0 /* Embed Pods Frameworks */,
			);
			buildRules = (
			);
			dependencies = (
			);
			name = Terms;
			productName = ProjectAlpha;
			productReference = 239348601A48027A0010C98C /* Terms.app */;
			productType = "com.apple.product-type.application";
		};
		239348741A48027A0010C98C /* TermsTests */ = {
			isa = PBXNativeTarget;
			buildConfigurationList = 239348821A48027A0010C98C /* Build configuration list for PBXNativeTarget "TermsTests" */;
			buildPhases = (
				239348711A48027A0010C98C /* Sources */,
				239348721A48027A0010C98C /* Frameworks */,
				239348731A48027A0010C98C /* Resources */,
			);
			buildRules = (
			);
			dependencies = (
				239348771A48027A0010C98C /* PBXTargetDependency */,
			);
			name = TermsTests;
			productName = ProjectAlphaTests;
			productReference = 239348751A48027A0010C98C /* TermsTests.xctest */;
			productType = "com.apple.product-type.bundle.unit-test";
		};
/* End PBXNativeTarget section */

/* Begin PBXProject section */
		239348581A48027A0010C98C /* Project object */ = {
			isa = PBXProject;
			attributes = {
				LastUpgradeCheck = 0610;
				ORGANIZATIONNAME = "Nicolas Langley";
				TargetAttributes = {
					2393485F1A48027A0010C98C = {
						CreatedOnToolsVersion = 6.1.1;
					};
					239348741A48027A0010C98C = {
						CreatedOnToolsVersion = 6.1.1;
						TestTargetID = 2393485F1A48027A0010C98C;
					};
				};
			};
			buildConfigurationList = 2393485B1A48027A0010C98C /* Build configuration list for PBXProject "Terms" */;
			compatibilityVersion = "Xcode 3.2";
			developmentRegion = English;
			hasScannedForEncodings = 0;
			knownRegions = (
				en,
				Base,
			);
			mainGroup = 239348571A48027A0010C98C;
			productRefGroup = 239348611A48027A0010C98C /* Products */;
			projectDirPath = "";
			projectRoot = "";
			targets = (
				2393485F1A48027A0010C98C /* Terms */,
				239348741A48027A0010C98C /* TermsTests */,
			);
		};
/* End PBXProject section */

/* Begin PBXResourcesBuildPhase section */
		2393485E1A48027A0010C98C /* Resources */ = {
			isa = PBXResourcesBuildPhase;
			buildActionMask = 2147483647;
			files = (
				23119CA61AD378D7004F3A98 /* flickr.png in Resources */,
				23119CDF1AD378D7004F3A98 /* TermsHeader.png in Resources */,
				23119C961AD378D7004F3A98 /* apple-icloud.png in Resources */,
				23119CA31AD378D7004F3A98 /* facebook.png in Resources */,
				23119C9C1AD378D7004F3A98 /* delicious.png in Resources */,
				23119CDB1AD378D7004F3A98 /* zoosk.png in Resources */,
				23119C8F1AD378D7004F3A98 /* E.png in Resources */,
				23119C8D1AD378D7004F3A98 /* C.png in Resources */,
				23119CE21AD378D7004F3A98 /* TOSDRApps.json in Resources */,
				23119CBF1AD378D7004F3A98 /* phpbb.png in Resources */,
				23119CA91AD378D7004F3A98 /* github.png in Resources */,
				23119CBE1AD378D7004F3A98 /* owncube.png in Resources */,
				23119CD41AD378D7004F3A98 /* wordpress-com.png in Resources */,
				23119CAC1AD378D7004F3A98 /* gravatar.png in Resources */,
				23119CB91AD378D7004F3A98 /* mint.com.png in Resources */,
				23119C881AD378D7004F3A98 /* check1.png in Resources */,
				23119CC01AD378D7004F3A98 /* rapidshare.png in Resources */,
				23119C941AD378D7004F3A98 /* amazon.png in Resources */,
				23119CB31AD378D7004F3A98 /* instagram.png in Resources */,
				23119C891AD378D7004F3A98 /* cube.jpg in Resources */,
				23119CC41AD378D7004F3A98 /* sonic-net.png in Resources */,
				23119CB61AD378D7004F3A98 /* lemondefr.png in Resources */,
				23119CAF1AD378D7004F3A98 /* hypster.png in Resources */,
				23119CD21AD378D7004F3A98 /* wikipedia.png in Resources */,
				23119CBD1AD378D7004F3A98 /* olx.png in Resources */,
				23119C8C1AD378D7004F3A98 /* B.png in Resources */,
				23119CBB1AD378D7004F3A98 /* nabble.png in Resources */,
				23119C931AD378D7004F3A98 /* allrecipes.png in Resources */,
				23119C871AD378D7004F3A98 /* check.png in Resources */,
				23119C981AD378D7004F3A98 /* bearshare.png in Resources */,
				23119CB81AD378D7004F3A98 /* microsoft.png in Resources */,
				23119CC61AD378D7004F3A98 /* spotify.png in Resources */,
				23119CA41AD378D7004F3A98 /* faranow.png in Resources */,
				23119CA51AD378D7004F3A98 /* flattr.png in Resources */,
				23119CA21AD378D7004F3A98 /* evernote.png in Resources */,
				23119CC31AD378D7004F3A98 /* skype.png in Resources */,
				23119CD51AD378D7004F3A98 /* world-of-warcraft.png in Resources */,
				23119CBC1AD378D7004F3A98 /* netflix.png in Resources */,
				23119C901AD378D7004F3A98 /* N.png in Resources */,
				23119CCE1AD378D7004F3A98 /* vbulletin.png in Resources */,
				23119CCC1AD378D7004F3A98 /* twitter.png in Resources */,
				23119CAB1AD378D7004F3A98 /* grammarly.png in Resources */,
				23119CCD1AD378D7004F3A98 /* unhostedby5apps.png in Resources */,
				23119C8A1AD378D7004F3A98 /* default1.png in Resources */,
				23119C911AD378D7004F3A98 /* Z.png in Resources */,
				23119C8E1AD378D7004F3A98 /* D.png in Resources */,
				23119C951AD378D7004F3A98 /* app-net.png in Resources */,
				23119CD01AD378D7004F3A98 /* videobb.png in Resources */,
				23119CDE1AD378D7004F3A98 /* LaunchTerms.png in Resources */,
				23119C851AD378D7004F3A98 /* LaunchScreen.xib in Resources */,
				23119C921AD378D7004F3A98 /* 500px.png in Resources */,
				23119CB41AD378D7004F3A98 /* kolabnow.png in Resources */,
				23119CD81AD378D7004F3A98 /* yahoo.png in Resources */,
				23119CDD1AD378D7004F3A98 /* Info.plist in Resources */,
				23119CC91AD378D7004F3A98 /* tosdr-icon-16.png in Resources */,
				23119C971AD378D7004F3A98 /* apple.png in Resources */,
				23119C9F1AD378D7004F3A98 /* duckduckgo.png in Resources */,
				23119CD31AD378D7004F3A98 /* wordfeud.png in Resources */,
				23119CD91AD378D7004F3A98 /* youtube.png in Resources */,
				23119CD61AD378D7004F3A98 /* xfire.png in Resources */,
				23119CC51AD378D7004F3A98 /* soundcloud.png in Resources */,
				23119CAA1AD378D7004F3A98 /* google.png in Resources */,
				23119C991AD378D7004F3A98 /* bit-ly.png in Resources */,
				23119CCB1AD378D7004F3A98 /* twitpic.png in Resources */,
				23119CE11AD378D7004F3A98 /* tosdr_files.csv in Resources */,
				23119CDA1AD378D7004F3A98 /* zeit.png in Resources */,
				23119CE41AD378D7004F3A98 /* x1.png in Resources */,
				23119CE01AD378D7004F3A98 /* TermsIcon.png in Resources */,
				23119C9A1AD378D7004F3A98 /* cloudant.png in Resources */,
				23119CD11AD378D7004F3A98 /* whatsapp.png in Resources */,
				23119CA01AD378D7004F3A98 /* ebuddy.png in Resources */,
				23119CB51AD378D7004F3A98 /* lastpass.png in Resources */,
				23119CC71AD378D7004F3A98 /* steam.png in Resources */,
				23119CAE1AD378D7004F3A98 /* hugo.png in Resources */,
				23119CA11AD378D7004F3A98 /* envato.png in Resources */,
				23119CC11AD378D7004F3A98 /* runescape.png in Resources */,
				23119C8B1AD378D7004F3A98 /* A.png in Resources */,
				23119C9E1AD378D7004F3A98 /* dropbox.png in Resources */,
				23119C9D1AD378D7004F3A98 /* disqus.png in Resources */,
				23119CCA1AD378D7004F3A98 /* tumblr.png in Resources */,
				23119CB01AD378D7004F3A98 /* identi-ca.png in Resources */,
				23119CC21AD378D7004F3A98 /* seenthis.png in Resources */,
				23119CC81AD378D7004F3A98 /* time.png in Resources */,
				23119CE31AD378D7004F3A98 /* x.png in Resources */,
				23119C861AD378D7004F3A98 /* Main.storyboard in Resources */,
				23119CB21AD378D7004F3A98 /* informe.png in Resources */,
				23119CA71AD378D7004F3A98 /* freeforums.png in Resources */,
				23119CA81AD378D7004F3A98 /* gigaom.gif in Resources */,
				23119CD71AD378D7004F3A98 /* xing.png in Resources */,
				23119CDC1AD378D7004F3A98 /* Images.xcassets in Resources */,
				23119CAD1AD378D7004F3A98 /* habbo.png in Resources */,
				23119CB71AD378D7004F3A98 /* microsoft-store.png in Resources */,
				23119C9B1AD378D7004F3A98 /* couchsurfing.png in Resources */,
				23119CB11AD378D7004F3A98 /* ifttt.png in Resources */,
				23119CCF1AD378D7004F3A98 /* verge.png in Resources */,
				23119CBA1AD378D7004F3A98 /* mykolab-com.png in Resources */,
			);
			runOnlyForDeploymentPostprocessing = 0;
		};
		239348731A48027A0010C98C /* Resources */ = {
			isa = PBXResourcesBuildPhase;
			buildActionMask = 2147483647;
			files = (
				23119CEF1AD37937004F3A98 /* Info.plist in Resources */,
			);
			runOnlyForDeploymentPostprocessing = 0;
		};
/* End PBXResourcesBuildPhase section */

/* Begin PBXShellScriptBuildPhase section */
		25557B1CCBB30ADE5C2A5514 /* Check Pods Manifest.lock */ = {
			isa = PBXShellScriptBuildPhase;
			buildActionMask = 2147483647;
			files = (
			);
			inputPaths = (
			);
			name = "Check Pods Manifest.lock";
			outputPaths = (
			);
			runOnlyForDeploymentPostprocessing = 0;
			shellPath = /bin/sh;
			shellScript = "diff \"${PODS_ROOT}/../Podfile.lock\" \"${PODS_ROOT}/Manifest.lock\" > /dev/null\nif [[ $? != 0 ]] ; then\n    cat << EOM\nerror: The sandbox is not in sync with the Podfile.lock. Run 'pod install' or update your CocoaPods installation.\nEOM\n    exit 1\nfi\n";
			showEnvVarsInLog = 0;
		};
		31BA19CA3F8B5A24458E8A3B /* Copy Pods Resources */ = {
			isa = PBXShellScriptBuildPhase;
			buildActionMask = 2147483647;
			files = (
			);
			inputPaths = (
			);
			name = "Copy Pods Resources";
			outputPaths = (
			);
			runOnlyForDeploymentPostprocessing = 0;
			shellPath = /bin/sh;
			shellScript = "\"${SRCROOT}/Pods/Target Support Files/Pods/Pods-resources.sh\"\n";
			showEnvVarsInLog = 0;
		};
		577858567B06E1489901DAB0 /* Embed Pods Frameworks */ = {
			isa = PBXShellScriptBuildPhase;
			buildActionMask = 2147483647;
			files = (
			);
			inputPaths = (
			);
			name = "Embed Pods Frameworks";
			outputPaths = (
			);
			runOnlyForDeploymentPostprocessing = 0;
			shellPath = /bin/sh;
			shellScript = "\"${SRCROOT}/Pods/Target Support Files/Pods/Pods-frameworks.sh\"\n";
			showEnvVarsInLog = 0;
		};
/* End PBXShellScriptBuildPhase section */

/* Begin PBXSourcesBuildPhase section */
		2393485C1A48027A0010C98C /* Sources */ = {
			isa = PBXSourcesBuildPhase;
			buildActionMask = 2147483647;
			files = (
				23119C841AD378D7004F3A98 /* AppTermsModel.xcdatamodeld in Sources */,
				23119C801AD378D7004F3A98 /* PointViewController.swift in Sources */,
				23119CE51AD378D7004F3A98 /* CustomTableViewCell.swift in Sources */,
				23119C7E1AD378D7004F3A98 /* AppDelegate.swift in Sources */,
				23119C821AD378D7004F3A98 /* ListOfApplications.swift in Sources */,
				23119C811AD378D7004F3A98 /* ViewController.swift in Sources */,
				23119C831AD378D7004F3A98 /* SingleApplication.swift in Sources */,
				23119C7F1AD378D7004F3A98 /* DetailViewController.swift in Sources */,
				23119CE61AD378D7004F3A98 /* CustomTableViewCell2.swift in Sources */,
			);
			runOnlyForDeploymentPostprocessing = 0;
		};
		239348711A48027A0010C98C /* Sources */ = {
			isa = PBXSourcesBuildPhase;
			buildActionMask = 2147483647;
			files = (
				23119CF01AD37937004F3A98 /* TermsTests.swift in Sources */,
			);
			runOnlyForDeploymentPostprocessing = 0;
		};
/* End PBXSourcesBuildPhase section */

/* Begin PBXTargetDependency section */
		239348771A48027A0010C98C /* PBXTargetDependency */ = {
			isa = PBXTargetDependency;
			target = 2393485F1A48027A0010C98C /* Terms */;
			targetProxy = 239348761A48027A0010C98C /* PBXContainerItemProxy */;
		};
/* End PBXTargetDependency section */

/* Begin PBXVariantGroup section */
		23119C171AD378D7004F3A98 /* LaunchScreen.xib */ = {
			isa = PBXVariantGroup;
			children = (
				23119C181AD378D7004F3A98 /* Base */,
			);
			name = LaunchScreen.xib;
			sourceTree = "<group>";
		};
		23119C191AD378D7004F3A98 /* Main.storyboard */ = {
			isa = PBXVariantGroup;
			children = (
				23119C1A1AD378D7004F3A98 /* Base */,
			);
			name = Main.storyboard;
			sourceTree = "<group>";
		};
/* End PBXVariantGroup section */

/* Begin XCBuildConfiguration section */
		2393487D1A48027A0010C98C /* Debug */ = {
			isa = XCBuildConfiguration;
			buildSettings = {
				ALWAYS_SEARCH_USER_PATHS = NO;
				CLANG_CXX_LANGUAGE_STANDARD = "gnu++0x";
				CLANG_CXX_LIBRARY = "libc++";
				CLANG_ENABLE_MODULES = YES;
				CLANG_ENABLE_OBJC_ARC = YES;
				CLANG_WARN_BOOL_CONVERSION = YES;
				CLANG_WARN_CONSTANT_CONVERSION = YES;
				CLANG_WARN_DIRECT_OBJC_ISA_USAGE = YES_ERROR;
				CLANG_WARN_EMPTY_BODY = YES;
				CLANG_WARN_ENUM_CONVERSION = YES;
				CLANG_WARN_INT_CONVERSION = YES;
				CLANG_WARN_OBJC_ROOT_CLASS = YES_ERROR;
				CLANG_WARN_UNREACHABLE_CODE = YES;
				CLANG_WARN__DUPLICATE_METHOD_MATCH = YES;
				"CODE_SIGN_IDENTITY[sdk=iphoneos*]" = "iPhone Developer";
				COPY_PHASE_STRIP = NO;
				ENABLE_STRICT_OBJC_MSGSEND = YES;
				GCC_C_LANGUAGE_STANDARD = gnu99;
				GCC_DYNAMIC_NO_PIC = NO;
				GCC_OPTIMIZATION_LEVEL = 0;
				GCC_PREPROCESSOR_DEFINITIONS = (
					"DEBUG=1",
					"$(inherited)",
				);
				GCC_SYMBOLS_PRIVATE_EXTERN = NO;
				GCC_WARN_64_TO_32_BIT_CONVERSION = YES;
				GCC_WARN_ABOUT_RETURN_TYPE = YES_ERROR;
				GCC_WARN_UNDECLARED_SELECTOR = YES;
				GCC_WARN_UNINITIALIZED_AUTOS = YES_AGGRESSIVE;
				GCC_WARN_UNUSED_FUNCTION = YES;
				GCC_WARN_UNUSED_VARIABLE = YES;
				IPHONEOS_DEPLOYMENT_TARGET = 8.1;
				MTL_ENABLE_DEBUG_INFO = YES;
				ONLY_ACTIVE_ARCH = YES;
				SDKROOT = iphoneos;
				SWIFT_OPTIMIZATION_LEVEL = "-Onone";
			};
			name = Debug;
		};
		2393487E1A48027A0010C98C /* Release */ = {
			isa = XCBuildConfiguration;
			buildSettings = {
				ALWAYS_SEARCH_USER_PATHS = NO;
				CLANG_CXX_LANGUAGE_STANDARD = "gnu++0x";
				CLANG_CXX_LIBRARY = "libc++";
				CLANG_ENABLE_MODULES = YES;
				CLANG_ENABLE_OBJC_ARC = YES;
				CLANG_WARN_BOOL_CONVERSION = YES;
				CLANG_WARN_CONSTANT_CONVERSION = YES;
				CLANG_WARN_DIRECT_OBJC_ISA_USAGE = YES_ERROR;
				CLANG_WARN_EMPTY_BODY = YES;
				CLANG_WARN_ENUM_CONVERSION = YES;
				CLANG_WARN_INT_CONVERSION = YES;
				CLANG_WARN_OBJC_ROOT_CLASS = YES_ERROR;
				CLANG_WARN_UNREACHABLE_CODE = YES;
				CLANG_WARN__DUPLICATE_METHOD_MATCH = YES;
				"CODE_SIGN_IDENTITY[sdk=iphoneos*]" = "iPhone Developer";
				COPY_PHASE_STRIP = YES;
				ENABLE_NS_ASSERTIONS = NO;
				ENABLE_STRICT_OBJC_MSGSEND = YES;
				GCC_C_LANGUAGE_STANDARD = gnu99;
				GCC_WARN_64_TO_32_BIT_CONVERSION = YES;
				GCC_WARN_ABOUT_RETURN_TYPE = YES_ERROR;
				GCC_WARN_UNDECLARED_SELECTOR = YES;
				GCC_WARN_UNINITIALIZED_AUTOS = YES_AGGRESSIVE;
				GCC_WARN_UNUSED_FUNCTION = YES;
				GCC_WARN_UNUSED_VARIABLE = YES;
				IPHONEOS_DEPLOYMENT_TARGET = 8.1;
				MTL_ENABLE_DEBUG_INFO = NO;
				SDKROOT = iphoneos;
				VALIDATE_PRODUCT = YES;
			};
			name = Release;
		};
		239348801A48027A0010C98C /* Debug */ = {
			isa = XCBuildConfiguration;
			baseConfigurationReference = C65C8C6B2C20AEDF3103EB34 /* Pods.debug.xcconfig */;
			buildSettings = {
				ARCHS = "$(ARCHS_STANDARD)";
				ASSETCATALOG_COMPILER_APPICON_NAME = AppIcon;
				FRAMEWORK_SEARCH_PATHS = (
					"$(inherited)",
					"$(PROJECT_DIR)/build/Debug-iphoneos/Pods",
					"$(PROJECT_DIR)/build/Debug-iphoneos",
				);
				INFOPLIST_FILE = "$(SRCROOT)/Terms/Resources/Info.plist";
				LD_RUNPATH_SEARCH_PATHS = "$(inherited) @executable_path/Frameworks";
				PRODUCT_NAME = Terms;
				SWIFT_OBJC_BRIDGING_HEADER = "Terms/Application/Terms-Bridging-Header.h";
			};
			name = Debug;
		};
		239348811A48027A0010C98C /* Release */ = {
			isa = XCBuildConfiguration;
			baseConfigurationReference = 2E88C6BF3BB5922FE4E715D1 /* Pods.release.xcconfig */;
			buildSettings = {
				ARCHS = "$(ARCHS_STANDARD)";
				ASSETCATALOG_COMPILER_APPICON_NAME = AppIcon;
				FRAMEWORK_SEARCH_PATHS = (
					"$(inherited)",
					"$(PROJECT_DIR)/build/Debug-iphoneos/Pods",
					"$(PROJECT_DIR)/build/Debug-iphoneos",
				);
				INFOPLIST_FILE = "$(SRCROOT)/Terms/Resources/Info.plist";
				LD_RUNPATH_SEARCH_PATHS = "$(inherited) @executable_path/Frameworks";
				ONLY_ACTIVE_ARCH = YES;
				PRODUCT_NAME = Terms;
				SWIFT_OBJC_BRIDGING_HEADER = "Terms/Application/Terms-Bridging-Header.h";
			};
			name = Release;
		};
		239348831A48027A0010C98C /* Debug */ = {
			isa = XCBuildConfiguration;
			buildSettings = {
				BUNDLE_LOADER = "$(TEST_HOST)";
				FRAMEWORK_SEARCH_PATHS = (
					"$(SDKROOT)/Developer/Library/Frameworks",
					"$(inherited)",
				);
				GCC_PREPROCESSOR_DEFINITIONS = (
					"DEBUG=1",
					"$(inherited)",
				);
				INFOPLIST_FILE = TermsTests/Info.plist;
				LD_RUNPATH_SEARCH_PATHS = "$(inherited) @executable_path/Frameworks @loader_path/Frameworks";
				PRODUCT_NAME = TermsTests;
				TEST_HOST = "$(BUILT_PRODUCTS_DIR)/Terms.app/Terms";
			};
			name = Debug;
		};
		239348841A48027A0010C98C /* Release */ = {
			isa = XCBuildConfiguration;
			buildSettings = {
				BUNDLE_LOADER = "$(TEST_HOST)";
				FRAMEWORK_SEARCH_PATHS = (
					"$(SDKROOT)/Developer/Library/Frameworks",
					"$(inherited)",
				);
				INFOPLIST_FILE = TermsTests/Info.plist;
				LD_RUNPATH_SEARCH_PATHS = "$(inherited) @executable_path/Frameworks @loader_path/Frameworks";
				PRODUCT_NAME = TermsTests;
				TEST_HOST = "$(BUILT_PRODUCTS_DIR)/Terms.app/Terms";
			};
			name = Release;
		};
/* End XCBuildConfiguration section */

/* Begin XCConfigurationList section */
		2393485B1A48027A0010C98C /* Build configuration list for PBXProject "Terms" */ = {
			isa = XCConfigurationList;
			buildConfigurations = (
				2393487D1A48027A0010C98C /* Debug */,
				2393487E1A48027A0010C98C /* Release */,
			);
			defaultConfigurationIsVisible = 0;
			defaultConfigurationName = Release;
		};
		2393487F1A48027A0010C98C /* Build configuration list for PBXNativeTarget "Terms" */ = {
			isa = XCConfigurationList;
			buildConfigurations = (
				239348801A48027A0010C98C /* Debug */,
				239348811A48027A0010C98C /* Release */,
			);
			defaultConfigurationIsVisible = 0;
			defaultConfigurationName = Release;
		};
		239348821A48027A0010C98C /* Build configuration list for PBXNativeTarget "TermsTests" */ = {
			isa = XCConfigurationList;
			buildConfigurations = (
				239348831A48027A0010C98C /* Debug */,
				239348841A48027A0010C98C /* Release */,
			);
			defaultConfigurationIsVisible = 0;
			defaultConfigurationName = Release;
		};
/* End XCConfigurationList section */

/* Begin XCVersionGroup section */
		23119C151AD378D7004F3A98 /* AppTermsModel.xcdatamodeld */ = {
			isa = XCVersionGroup;
			children = (
				23119C161AD378D7004F3A98 /* AppTermsModel.xcdatamodel */,
			);
			currentVersion = 23119C161AD378D7004F3A98 /* AppTermsModel.xcdatamodel */;
			path = AppTermsModel.xcdatamodeld;
			sourceTree = "<group>";
			versionGroupType = wrapper.xcdatamodel;
		};
/* End XCVersionGroup section */
	};
	rootObject = 239348581A48027A0010C98C /* Project object */;
}
